
Microsoft Visual Studio Solution File, Format Version 12.00
# Visual Studio Version 16
VisualStudioVersion = 16.0.31129.286
MinimumVisualStudioVersion = 10.0.40219.1
Project("{6EC3EE1D-3C4E-46DD-8F32-0CC8E7565705}") = "ChartingApp", "ChartingApp\ChartingApp.fsproj", "{1CFC702D-42E7-49F3-B873-B265A1B79D4B}"
EndProject
Project("{6EC3EE1D-3C4E-46DD-8F32-0CC8E7565705}") = "TwoDimensional", "TwoDimensional\TwoDimensional.fsproj", "{4E6E951F-6E7E-400B-82D8-DD233AF07038}"
EndProject
Project("{6EC3EE1D-3C4E-46DD-8F32-0CC8E7565705}") = "ThreeDimensional", "THreeDimensional\ThreeDimensional.fsproj", "{5BF99D7D-46DB-4B49-89B3-5758F351C831}"
EndProject
Project("{F2A71F9B-5D33-465A-A702-920D77279786}") = "Common", "Common\Common.fsproj", "{D61E2CB6-CC41-486E-9D5B-B806E8E6969C}"
EndProject
Global
	GlobalSection(SolutionConfigurationPlatforms) = preSolution
		Debug|Any CPU = Debug|Any CPU
		Release|Any CPU = Release|Any CPU
	EndGlobalSection
	GlobalSection(ProjectConfigurationPlatforms) = postSolution
		{1CFC702D-42E7-49F3-B873-B265A1B79D4B}.Debug|Any CPU.ActiveCfg = Debug|Any CPU
		{1CFC702D-42E7-49F3-B873-B265A1B79D4B}.Debug|Any CPU.Build.0 = Debug|Any CPU
		{1CFC702D-42E7-49F3-B873-B265A1B79D4B}.Release|Any CPU.ActiveCfg = Release|Any CPU
		{1CFC702D-42E7-49F3-B873-B265A1B79D4B}.Release|Any CPU.Build.0 = Release|Any CPU
		{4E6E951F-6E7E-400B-82D8-DD233AF07038}.Debug|Any CPU.ActiveCfg = Debug|Any CPU
		{4E6E951F-6E7E-400B-82D8-DD233AF07038}.Debug|Any CPU.Build.0 = Debug|Any CPU
		{4E6E951F-6E7E-400B-82D8-DD233AF07038}.Release|Any CPU.ActiveCfg = Release|Any CPU
		{4E6E951F-6E7E-400B-82D8-DD233AF07038}.Release|Any CPU.Build.0 = Release|Any CPU
		{5BF99D7D-46DB-4B49-89B3-5758F351C831}.Debug|Any CPU.ActiveCfg = Debug|Any CPU
		{5BF99D7D-46DB-4B49-89B3-5758F351C831}.Debug|Any CPU.Build.0 = Debug|Any CPU
		{5BF99D7D-46DB-4B49-89B3-5758F351C831}.Release|Any CPU.ActiveCfg = Release|Any CPU
		{5BF99D7D-46DB-4B49-89B3-5758F351C831}.Release|Any CPU.Build.0 = Release|Any CPU
		{D61E2CB6-CC41-486E-9D5B-B806E8E6969C}.Debug|Any CPU.ActiveCfg = Debug|Any CPU
		{D61E2CB6-CC41-486E-9D5B-B806E8E6969C}.Debug|Any CPU.Build.0 = Debug|Any CPU
		{D61E2CB6-CC41-486E-9D5B-B806E8E6969C}.Release|Any CPU.ActiveCfg = Release|Any CPU
		{D61E2CB6-CC41-486E-9D5B-B806E8E6969C}.Release|Any CPU.Build.0 = Release|Any CPU
	EndGlobalSection
	GlobalSection(SolutionProperties) = preSolution
		HideSolutionNode = FALSE
	EndGlobalSection
	GlobalSection(ExtensibilityGlobals) = postSolution
		SolutionGuid = {0DD36931-DF8B-4DAB-AA21-5D6D5631619E}
	EndGlobalSection
EndGlobal
