
Microsoft Visual Studio Solution File, Format Version 12.00
# Visual Studio Version 16
VisualStudioVersion = 16.0.31129.286
MinimumVisualStudioVersion = 10.0.40219.1
Project("{F2A71F9B-5D33-465A-A702-920D77279786}") = "ChartingApp", "ChartingApp\ChartingApp.fsproj", "{1CFC702D-42E7-49F3-B873-B265A1B79D4B}"
EndProject
Global
	GlobalSection(SolutionConfigurationPlatforms) = preSolution
		Debug|Any CPU = Debug|Any CPU
		Release|Any CPU = Release|Any CPU
	EndGlobalSection
	GlobalSection(ProjectConfigurationPlatforms) = postSolution
		{1CFC702D-42E7-49F3-B873-B265A1B79D4B}.Debug|Any CPU.ActiveCfg = Debug|Any CPU
		{1CFC702D-42E7-49F3-B873-B265A1B79D4B}.Debug|Any CPU.Build.0 = Debug|Any CPU
		{1CFC702D-42E7-49F3-B873-B265A1B79D4B}.Release|Any CPU.ActiveCfg = Release|Any CPU
		{1CFC702D-42E7-49F3-B873-B265A1B79D4B}.Release|Any CPU.Build.0 = Release|Any CPU
	EndGlobalSection
	GlobalSection(SolutionProperties) = preSolution
		HideSolutionNode = FALSE
	EndGlobalSection
	GlobalSection(ExtensibilityGlobals) = postSolution
		SolutionGuid = {0DD36931-DF8B-4DAB-AA21-5D6D5631619E}
	EndGlobalSection
EndGlobal
